
Microsoft Visual Studio Solution File, Format Version 12.00
# Visual Studio Version 17
VisualStudioVersion = 17.8.34330.188
MinimumVisualStudioVersion = 10.0.40219.1
Project("{FAE04EC0-301F-11D3-BF4B-00C04F79EFBC}") = "РПМ Практическая работа 1", "РПМ Практическая работа 1.csproj", "{F02C25BC-5F06-4537-982B-628C5C32DA2C}"
EndProject
Global
	GlobalSection(SolutionConfigurationPlatforms) = preSolution
		Debug|Any CPU = Debug|Any CPU
		Release|Any CPU = Release|Any CPU
	EndGlobalSection
	GlobalSection(ProjectConfigurationPlatforms) = postSolution
		{F02C25BC-5F06-4537-982B-628C5C32DA2C}.Debug|Any CPU.ActiveCfg = Debug|Any CPU
		{F02C25BC-5F06-4537-982B-628C5C32DA2C}.Debug|Any CPU.Build.0 = Debug|Any CPU
		{F02C25BC-5F06-4537-982B-628C5C32DA2C}.Release|Any CPU.ActiveCfg = Release|Any CPU
		{F02C25BC-5F06-4537-982B-628C5C32DA2C}.Release|Any CPU.Build.0 = Release|Any CPU
	EndGlobalSection
	GlobalSection(SolutionProperties) = preSolution
		HideSolutionNode = FALSE
	EndGlobalSection
	GlobalSection(ExtensibilityGlobals) = postSolution
		SolutionGuid = {F53D8E76-9E66-4BD8-A8DD-A4F2B3BCA1E8}
	EndGlobalSection
EndGlobal
